
Microsoft Visual Studio Solution File, Format Version 12.00
# Visual Studio Version 16
VisualStudioVersion = 16.0.810.14
MinimumVisualStudioVersion = 10.0.40219.1
Project("{FAE04EC0-301F-11D3-BF4B-00C04F79EFBC}") = "ISBNday2", "ISBNday2\ISBNday2.csproj", "{3DD04E45-59FC-4E04-9FEA-E1ABEE7BB8FE}"
EndProject
Global
	GlobalSection(SolutionConfigurationPlatforms) = preSolution
		Debug|Any CPU = Debug|Any CPU
		Release|Any CPU = Release|Any CPU
	EndGlobalSection
	GlobalSection(ProjectConfigurationPlatforms) = postSolution
		{3DD04E45-59FC-4E04-9FEA-E1ABEE7BB8FE}.Debug|Any CPU.ActiveCfg = Debug|Any CPU
		{3DD04E45-59FC-4E04-9FEA-E1ABEE7BB8FE}.Debug|Any CPU.Build.0 = Debug|Any CPU
		{3DD04E45-59FC-4E04-9FEA-E1ABEE7BB8FE}.Release|Any CPU.ActiveCfg = Release|Any CPU
		{3DD04E45-59FC-4E04-9FEA-E1ABEE7BB8FE}.Release|Any CPU.Build.0 = Release|Any CPU
	EndGlobalSection
	GlobalSection(SolutionProperties) = preSolution
		HideSolutionNode = FALSE
	EndGlobalSection
	GlobalSection(ExtensibilityGlobals) = postSolution
		SolutionGuid = {E445E733-2749-492C-BD2E-4112CEB4CDC9}
	EndGlobalSection
EndGlobal
